
Microsoft Visual Studio Solution File, Format Version 12.00
# Visual Studio Version 16
VisualStudioVersion = 16.0.32002.261
MinimumVisualStudioVersion = 10.0.40219.1
Project("{8BC9CEB8-8B4A-11D0-8D11-00A0C91BC942}") = "ImguiCreateSpace", "ImguiCreateSpace.vcxproj", "{FAFA9FA5-3C05-4270-8EE7-97C87E6A65D3}"
EndProject
Global
	GlobalSection(SolutionConfigurationPlatforms) = preSolution
		Debug|x64 = Debug|x64
		Debug|x86 = Debug|x86
		Release|x64 = Release|x64
		Release|x86 = Release|x86
	EndGlobalSection
	GlobalSection(ProjectConfigurationPlatforms) = postSolution
		{FAFA9FA5-3C05-4270-8EE7-97C87E6A65D3}.Debug|x64.ActiveCfg = Debug|x64
		{FAFA9FA5-3C05-4270-8EE7-97C87E6A65D3}.Debug|x64.Build.0 = Debug|x64
		{FAFA9FA5-3C05-4270-8EE7-97C87E6A65D3}.Debug|x86.ActiveCfg = Debug|Win32
		{FAFA9FA5-3C05-4270-8EE7-97C87E6A65D3}.Debug|x86.Build.0 = Debug|Win32
		{FAFA9FA5-3C05-4270-8EE7-97C87E6A65D3}.Release|x64.ActiveCfg = Release|x64
		{FAFA9FA5-3C05-4270-8EE7-97C87E6A65D3}.Release|x64.Build.0 = Release|x64
		{FAFA9FA5-3C05-4270-8EE7-97C87E6A65D3}.Release|x86.ActiveCfg = Release|Win32
		{FAFA9FA5-3C05-4270-8EE7-97C87E6A65D3}.Release|x86.Build.0 = Release|Win32
	EndGlobalSection
	GlobalSection(SolutionProperties) = preSolution
		HideSolutionNode = FALSE
	EndGlobalSection
	GlobalSection(ExtensibilityGlobals) = postSolution
		SolutionGuid = {FD2B9CFB-2075-49A7-841E-E2B28443089B}
	EndGlobalSection
EndGlobal
